
Microsoft Visual Studio Solution File, Format Version 12.00
# Visual Studio Version 17
VisualStudioVersion = 17.9.34714.143
MinimumVisualStudioVersion = 10.0.40219.1
Project("{FAE04EC0-301F-11D3-BF4B-00C04F79EFBC}") = "Calculator", "Calculator.csproj", "{611B6D78-8F42-4747-93E9-8F6575F4B3EB}"
EndProject
Global
	GlobalSection(SolutionConfigurationPlatforms) = preSolution
		Debug|Any CPU = Debug|Any CPU
		Release|Any CPU = Release|Any CPU
	EndGlobalSection
	GlobalSection(ProjectConfigurationPlatforms) = postSolution
		{611B6D78-8F42-4747-93E9-8F6575F4B3EB}.Debug|Any CPU.ActiveCfg = Debug|Any CPU
		{611B6D78-8F42-4747-93E9-8F6575F4B3EB}.Debug|Any CPU.Build.0 = Debug|Any CPU
		{611B6D78-8F42-4747-93E9-8F6575F4B3EB}.Release|Any CPU.ActiveCfg = Release|Any CPU
		{611B6D78-8F42-4747-93E9-8F6575F4B3EB}.Release|Any CPU.Build.0 = Release|Any CPU
	EndGlobalSection
	GlobalSection(SolutionProperties) = preSolution
		HideSolutionNode = FALSE
	EndGlobalSection
	GlobalSection(ExtensibilityGlobals) = postSolution
		SolutionGuid = {DDBACECB-4557-40D3-99D5-19111D5ABBF7}
	EndGlobalSection
EndGlobal
